
Microsoft Visual Studio Solution File, Format Version 12.00
# Visual Studio Version 16
VisualStudioVersion = 16.0.30907.101
MinimumVisualStudioVersion = 10.0.40219.1
Project("{2150E333-8FDC-42A3-9474-1A3956D46DE8}") = "sln", "sln", "{0825A522-732F-4F42-AD0C-9AB52B144D8D}"
	ProjectSection(SolutionItems) = preProject
		..\.gitattributes = ..\.gitattributes
		..\.gitignore = ..\.gitignore
		..\LICENSE = ..\LICENSE
		..\README-of-template.md = ..\README-of-template.md
		..\README.md = ..\README.md
	EndProjectSection
EndProject
Project("{9A19103F-16F7-4668-BE54-9A1E7A4F7556}") = "Mapline.Web", "Mapline.Web\Mapline.Web.csproj", "{EE16B2DD-8B6C-43EB-8AA6-7FBE0813E35C}"
EndProject
Project("{2150E333-8FDC-42A3-9474-1A3956D46DE8}") = "src", "src", "{4649F6C8-38C7-4255-9639-BCB5D1E123B1}"
EndProject
Project("{2150E333-8FDC-42A3-9474-1A3956D46DE8}") = "doc", "doc", "{2639BF5F-0936-4436-97E4-138AAD391119}"
	ProjectSection(SolutionItems) = preProject
		..\doc\sketch (example with finnish).png = ..\doc\sketch (example with finnish).png
	EndProjectSection
EndProject
Project("{2150E333-8FDC-42A3-9474-1A3956D46DE8}") = "data", "data", "{F8AD880C-5FC9-4CCA-9567-7703C89607F1}"
EndProject
Project("{2150E333-8FDC-42A3-9474-1A3956D46DE8}") = "Language", "Language", "{3CC8535C-C2B2-4924-9242-319B47CAD2ED}"
EndProject
Project("{2150E333-8FDC-42A3-9474-1A3956D46DE8}") = "proto-uralic-homeland-lyalovo-proposal", "proto-uralic-homeland-lyalovo-proposal", "{2A7B44B7-129A-4433-83E5-1F1DC257AF50}"
	ProjectSection(SolutionItems) = preProject
		..\data\Language\proto-uralic-homeland-lyalovo-proposal\area.geojson = ..\data\Language\proto-uralic-homeland-lyalovo-proposal\area.geojson
		..\data\Language\proto-uralic-homeland-lyalovo-proposal\table.json = ..\data\Language\proto-uralic-homeland-lyalovo-proposal\table.json
	EndProjectSection
EndProject
Project("{9A19103F-16F7-4668-BE54-9A1E7A4F7556}") = "Mapline.Migrations", "Mapline.Migrations\Mapline.Migrations.csproj", "{479431E8-0DD3-4FFB-9C96-AC209C486B5F}"
EndProject
Project("{9A19103F-16F7-4668-BE54-9A1E7A4F7556}") = "Mapline.Tests", "Mapline.Tests\Mapline.Tests.csproj", "{D185E1EE-060C-4494-B9E3-C99BDA19A1F9}"
EndProject
Project("{2150E333-8FDC-42A3-9474-1A3956D46DE8}") = "workflows", "workflows", "{94BD50CE-C557-4FF4-BCDC-1F8839A8B259}"
	ProjectSection(SolutionItems) = preProject
		..\.github\workflows\dotnet.yml = ..\.github\workflows\dotnet.yml
	EndProjectSection
EndProject
Project("{2150E333-8FDC-42A3-9474-1A3956D46DE8}") = ".github", ".github", "{93588DA3-540A-4E99-9BC9-5C049D0E9617}"
EndProject
Global
	GlobalSection(SolutionConfigurationPlatforms) = preSolution
		Debug|Any CPU = Debug|Any CPU
		Release|Any CPU = Release|Any CPU
	EndGlobalSection
	GlobalSection(ProjectConfigurationPlatforms) = postSolution
		{EE16B2DD-8B6C-43EB-8AA6-7FBE0813E35C}.Debug|Any CPU.ActiveCfg = Debug|Any CPU
		{EE16B2DD-8B6C-43EB-8AA6-7FBE0813E35C}.Debug|Any CPU.Build.0 = Debug|Any CPU
		{EE16B2DD-8B6C-43EB-8AA6-7FBE0813E35C}.Release|Any CPU.ActiveCfg = Release|Any CPU
		{EE16B2DD-8B6C-43EB-8AA6-7FBE0813E35C}.Release|Any CPU.Build.0 = Release|Any CPU
		{479431E8-0DD3-4FFB-9C96-AC209C486B5F}.Debug|Any CPU.ActiveCfg = Debug|Any CPU
		{479431E8-0DD3-4FFB-9C96-AC209C486B5F}.Debug|Any CPU.Build.0 = Debug|Any CPU
		{479431E8-0DD3-4FFB-9C96-AC209C486B5F}.Release|Any CPU.ActiveCfg = Release|Any CPU
		{479431E8-0DD3-4FFB-9C96-AC209C486B5F}.Release|Any CPU.Build.0 = Release|Any CPU
		{D185E1EE-060C-4494-B9E3-C99BDA19A1F9}.Debug|Any CPU.ActiveCfg = Debug|Any CPU
		{D185E1EE-060C-4494-B9E3-C99BDA19A1F9}.Debug|Any CPU.Build.0 = Debug|Any CPU
		{D185E1EE-060C-4494-B9E3-C99BDA19A1F9}.Release|Any CPU.ActiveCfg = Release|Any CPU
		{D185E1EE-060C-4494-B9E3-C99BDA19A1F9}.Release|Any CPU.Build.0 = Release|Any CPU
	EndGlobalSection
	GlobalSection(SolutionProperties) = preSolution
		HideSolutionNode = FALSE
	EndGlobalSection
	GlobalSection(NestedProjects) = preSolution
		{EE16B2DD-8B6C-43EB-8AA6-7FBE0813E35C} = {4649F6C8-38C7-4255-9639-BCB5D1E123B1}
		{3CC8535C-C2B2-4924-9242-319B47CAD2ED} = {F8AD880C-5FC9-4CCA-9567-7703C89607F1}
		{2A7B44B7-129A-4433-83E5-1F1DC257AF50} = {3CC8535C-C2B2-4924-9242-319B47CAD2ED}
		{479431E8-0DD3-4FFB-9C96-AC209C486B5F} = {4649F6C8-38C7-4255-9639-BCB5D1E123B1}
		{D185E1EE-060C-4494-B9E3-C99BDA19A1F9} = {4649F6C8-38C7-4255-9639-BCB5D1E123B1}
		{94BD50CE-C557-4FF4-BCDC-1F8839A8B259} = {93588DA3-540A-4E99-9BC9-5C049D0E9617}
		{93588DA3-540A-4E99-9BC9-5C049D0E9617} = {0825A522-732F-4F42-AD0C-9AB52B144D8D}
	EndGlobalSection
	GlobalSection(ExtensibilityGlobals) = postSolution
		SolutionGuid = {FEBD4BD6-299C-48F2-8D24-13F9B53219E2}
	EndGlobalSection
EndGlobal
